
Microsoft Visual Studio Solution File, Format Version 12.00
# Visual Studio Version 17
VisualStudioVersion = 17.0.31903.59
MinimumVisualStudioVersion = 10.0.40219.1
Project("{9A19103F-16F7-4668-BE54-9A1E7A4F7556}") = "ObserverPattern", "ObserverPatternSample\ObserverPattern.csproj", "{5221D2DB-19EA-4F50-A3CE-9B10EA34CCC0}"
EndProject
Project("{9A19103F-16F7-4668-BE54-9A1E7A4F7556}") = "AOP_CastleDynamicProxy", "AOP_Sample\AOP_CastleDynamicProxy.csproj", "{E18A4413-30AA-446C-80EA-6DABC378C264}"
EndProject
Project("{9A19103F-16F7-4668-BE54-9A1E7A4F7556}") = "AOP_AspectCore_Sample", "AOP_AspectCore_Sample\AOP_AspectCore_Sample.csproj", "{BE472452-75A7-4689-8109-58775CDF53E8}"
EndProject
Project("{9A19103F-16F7-4668-BE54-9A1E7A4F7556}") = "CAP", "CAP\CAP.csproj", "{79583F9A-692C-4AC1-8967-F397F8DA9A67}"
EndProject
Project("{9A19103F-16F7-4668-BE54-9A1E7A4F7556}") = "Webapi", "Webapi\Webapi.csproj", "{2FA49897-ADB7-491D-9BA9-A225A36A194B}"
EndProject
Project("{9A19103F-16F7-4668-BE54-9A1E7A4F7556}") = "ObserverSample01", "ObserverSample01\ObserverSample01.csproj", "{19052E8E-89DF-4856-A28B-49E2456C301F}"
EndProject
Project("{9A19103F-16F7-4668-BE54-9A1E7A4F7556}") = "ObserverSample02", "ObserverSample02\ObserverSample02.csproj", "{5AB7CF35-DAF1-416D-AE7E-F68FE4BDBF76}"
EndProject
Project("{9A19103F-16F7-4668-BE54-9A1E7A4F7556}") = "Tasks", "Tasks\Tasks.csproj", "{F65681EF-1D9C-440C-8043-0E49045CC093}"
EndProject
Project("{9A19103F-16F7-4668-BE54-9A1E7A4F7556}") = "BlockChainApiSample", "BlockChainApiSample\BlockChainApiSample\BlockChainApiSample.csproj", "{B48B3E38-7D8E-453B-AAA0-0381BC4351F6}"
EndProject
Project("{2150E333-8FDC-42A3-9474-1A3956D46DE8}") = "BlockChain", "BlockChain", "{808A31A1-B00F-4AA0-9D94-A16FEF6DC3FC}"
EndProject
Project("{2150E333-8FDC-42A3-9474-1A3956D46DE8}") = "ElasticSearch", "ElasticSearch", "{FAFE93FE-0018-4BA8-8E89-E2AD4BA654A8}"
EndProject
Project("{9A19103F-16F7-4668-BE54-9A1E7A4F7556}") = "BlockChainSample", "BlockChainSample\BlockChainSample\BlockChainSample.csproj", "{BD1FBD2B-0B0A-422C-A5F0-729C2180F6C4}"
EndProject
Project("{9A19103F-16F7-4668-BE54-9A1E7A4F7556}") = "BlockChainSample01", "BlockChainSample01\BlockChainSample01\BlockChainSample01.csproj", "{1AC54A1C-3F58-48DA-8728-C03854476778}"
EndProject
Project("{9A19103F-16F7-4668-BE54-9A1E7A4F7556}") = "elasticsearchsample", "ElasticSearchSample\elasticsearchsample.csproj", "{2B68A01F-F9E6-46AF-ABC0-4DDD6CC3FDA7}"
EndProject
Project("{2150E333-8FDC-42A3-9474-1A3956D46DE8}") = "ObserverPattern", "ObserverPattern", "{9C280A5B-8833-4296-B65A-B72506852836}"
EndProject
Project("{2150E333-8FDC-42A3-9474-1A3956D46DE8}") = "Kafka", "Kafka", "{9647936B-1DEC-4AD1-A8E5-F2C882C42E7C}"
EndProject
Project("{2150E333-8FDC-42A3-9474-1A3956D46DE8}") = "RabbitMQ", "RabbitMQ", "{518E0D30-F923-443E-860D-CD4D8AA979D9}"
EndProject
Project("{9A19103F-16F7-4668-BE54-9A1E7A4F7556}") = "rabbitmq_send", "RabbitMQ_Send\rabbitmq_send.csproj", "{06BAF06A-2BBC-4E27-92EF-A93B44757921}"
EndProject
Project("{9A19103F-16F7-4668-BE54-9A1E7A4F7556}") = "rabbirmq_receive", "RabbitMQ_Receive\rabbirmq_receive.csproj", "{A3F3C5E6-C433-4617-A419-5E6D505976A0}"
EndProject
Project("{2150E333-8FDC-42A3-9474-1A3956D46DE8}") = "Nginx", "Nginx", "{C3827857-61E4-4347-AFA1-1316E9C53F8E}"
EndProject
Project("{9A19103F-16F7-4668-BE54-9A1E7A4F7556}") = "nginxdemo", "NginxDemo\nginxdemo.csproj", "{9504921F-70AC-47EE-8ACC-6D690411920D}"
EndProject
Project("{2150E333-8FDC-42A3-9474-1A3956D46DE8}") = "AOP", "AOP", "{E474E219-286C-44B2-8E8A-5CA4B7E666E8}"
EndProject
Project("{2150E333-8FDC-42A3-9474-1A3956D46DE8}") = "Azure", "Azure", "{B6DC00C9-C624-4F52-93E1-9C9FE83E2C04}"
EndProject
Project("{9A19103F-16F7-4668-BE54-9A1E7A4F7556}") = "FunctionApp1", "AzureFunctionApp01\FunctionApp1.csproj", "{07899516-1C58-4CCF-9B14-DAE28CD95228}"
EndProject
Project("{2150E333-8FDC-42A3-9474-1A3956D46DE8}") = "GPRC", "GPRC", "{8254C064-B79E-4D05-B9A8-75D83974738A}"
EndProject
Project("{9A19103F-16F7-4668-BE54-9A1E7A4F7556}") = "ConsoleApp1", "GPRC\ConsoleApp1\ConsoleApp1.csproj", "{6BF964D9-6037-4FEC-9691-C293CABAC4E9}"
EndProject
Project("{9A19103F-16F7-4668-BE54-9A1E7A4F7556}") = "GrpcService2", "GPRC\GrpcService2\GrpcService2.csproj", "{8FD715CB-A6B8-4A51-8598-9DEAD5841F44}"
EndProject
Project("{9A19103F-16F7-4668-BE54-9A1E7A4F7556}") = "Kafka01", "Kafka01\Kafka01.csproj", "{E7EF44A6-6EAF-42CE-B29F-392F5361740C}"
EndProject
Project("{2150E333-8FDC-42A3-9474-1A3956D46DE8}") = "WMQ", "WMQ", "{7A5DD9DA-424F-409E-9506-01A72BAD13CC}"
EndProject
Project("{2150E333-8FDC-42A3-9474-1A3956D46DE8}") = "ClickHouse", "ClickHouse", "{B127E1EB-FF1A-4E1B-AD81-6923B605CE88}"
EndProject
Project("{9A19103F-16F7-4668-BE54-9A1E7A4F7556}") = "WMQ_TLS", "WMQ_TLS\WMQ_TLS.csproj", "{C1C50D2D-40C6-47E6-9C50-DF47BC7C1816}"
EndProject
Project("{2150E333-8FDC-42A3-9474-1A3956D46DE8}") = "CAP", "CAP", "{4F055266-E82D-4CAC-BA2D-2131320F7A37}"
EndProject
Project("{2150E333-8FDC-42A3-9474-1A3956D46DE8}") = "Security", "Security", "{B1074AAB-0978-4DF9-90D2-164DE8BAB4D8}"
EndProject
Project("{9A19103F-16F7-4668-BE54-9A1E7A4F7556}") = "OAuth2Server", "OAuth2Server\OAuth2Server.csproj", "{1C828C7B-CA64-49E5-BEC8-213A50B66104}"
EndProject
Project("{2150E333-8FDC-42A3-9474-1A3956D46DE8}") = "Python", "Python", "{7E671353-A15A-46C8-9880-9FFC253357D8}"
EndProject
Project("{2150E333-8FDC-42A3-9474-1A3956D46DE8}") = "React", "React", "{DBB62587-E228-4A3E-ABCD-8FC93E4DF31D}"
EndProject
Project("{54A90642-561A-4BB1-A94E-469ADEE60C69}") = "reactdemo", "reactdemo\reactdemo.esproj", "{05A80C39-0676-4A80-8F5D-A17C7F87CC91}"
EndProject
Project("{888888A0-9F3D-457C-B088-3A5042F75D52}") = "LearningDjango", "LearningDjango\LearningDjango.pyproj", "{628DED68-0AD7-4EB1-990D-DA6E57512351}"
EndProject
Project("{888888A0-9F3D-457C-B088-3A5042F75D52}") = "LearningFlask", "LearningFlask\LearningFlask.pyproj", "{493F375A-FA14-492D-BEBD-2BCF4473CB1E}"
EndProject
Project("{2150E333-8FDC-42A3-9474-1A3956D46DE8}") = "Task", "Task", "{08791FE8-D892-47FF-BDFC-B41A35B2BDBE}"
EndProject
Project("{888888A0-9F3D-457C-B088-3A5042F75D52}") = "DjangoWebProject1", "DjangoWebProject1\DjangoWebProject1.pyproj", "{9E371415-E7DC-485D-87CB-CE366C1ECF10}"
EndProject
Global
	GlobalSection(SolutionConfigurationPlatforms) = preSolution
		Debug|Any CPU = Debug|Any CPU
		Release|Any CPU = Release|Any CPU
	EndGlobalSection
	GlobalSection(ProjectConfigurationPlatforms) = postSolution
		{5221D2DB-19EA-4F50-A3CE-9B10EA34CCC0}.Debug|Any CPU.ActiveCfg = Debug|Any CPU
		{5221D2DB-19EA-4F50-A3CE-9B10EA34CCC0}.Debug|Any CPU.Build.0 = Debug|Any CPU
		{5221D2DB-19EA-4F50-A3CE-9B10EA34CCC0}.Release|Any CPU.ActiveCfg = Release|Any CPU
		{5221D2DB-19EA-4F50-A3CE-9B10EA34CCC0}.Release|Any CPU.Build.0 = Release|Any CPU
		{E18A4413-30AA-446C-80EA-6DABC378C264}.Debug|Any CPU.ActiveCfg = Debug|Any CPU
		{E18A4413-30AA-446C-80EA-6DABC378C264}.Debug|Any CPU.Build.0 = Debug|Any CPU
		{E18A4413-30AA-446C-80EA-6DABC378C264}.Release|Any CPU.ActiveCfg = Release|Any CPU
		{E18A4413-30AA-446C-80EA-6DABC378C264}.Release|Any CPU.Build.0 = Release|Any CPU
		{BE472452-75A7-4689-8109-58775CDF53E8}.Debug|Any CPU.ActiveCfg = Debug|Any CPU
		{BE472452-75A7-4689-8109-58775CDF53E8}.Debug|Any CPU.Build.0 = Debug|Any CPU
		{BE472452-75A7-4689-8109-58775CDF53E8}.Release|Any CPU.ActiveCfg = Release|Any CPU
		{BE472452-75A7-4689-8109-58775CDF53E8}.Release|Any CPU.Build.0 = Release|Any CPU
		{79583F9A-692C-4AC1-8967-F397F8DA9A67}.Debug|Any CPU.ActiveCfg = Debug|Any CPU
		{79583F9A-692C-4AC1-8967-F397F8DA9A67}.Debug|Any CPU.Build.0 = Debug|Any CPU
		{79583F9A-692C-4AC1-8967-F397F8DA9A67}.Release|Any CPU.ActiveCfg = Release|Any CPU
		{79583F9A-692C-4AC1-8967-F397F8DA9A67}.Release|Any CPU.Build.0 = Release|Any CPU
		{2FA49897-ADB7-491D-9BA9-A225A36A194B}.Debug|Any CPU.ActiveCfg = Debug|Any CPU
		{2FA49897-ADB7-491D-9BA9-A225A36A194B}.Debug|Any CPU.Build.0 = Debug|Any CPU
		{2FA49897-ADB7-491D-9BA9-A225A36A194B}.Release|Any CPU.ActiveCfg = Release|Any CPU
		{2FA49897-ADB7-491D-9BA9-A225A36A194B}.Release|Any CPU.Build.0 = Release|Any CPU
		{19052E8E-89DF-4856-A28B-49E2456C301F}.Debug|Any CPU.ActiveCfg = Debug|Any CPU
		{19052E8E-89DF-4856-A28B-49E2456C301F}.Debug|Any CPU.Build.0 = Debug|Any CPU
		{19052E8E-89DF-4856-A28B-49E2456C301F}.Release|Any CPU.ActiveCfg = Release|Any CPU
		{19052E8E-89DF-4856-A28B-49E2456C301F}.Release|Any CPU.Build.0 = Release|Any CPU
		{5AB7CF35-DAF1-416D-AE7E-F68FE4BDBF76}.Debug|Any CPU.ActiveCfg = Debug|Any CPU
		{5AB7CF35-DAF1-416D-AE7E-F68FE4BDBF76}.Debug|Any CPU.Build.0 = Debug|Any CPU
		{5AB7CF35-DAF1-416D-AE7E-F68FE4BDBF76}.Release|Any CPU.ActiveCfg = Release|Any CPU
		{5AB7CF35-DAF1-416D-AE7E-F68FE4BDBF76}.Release|Any CPU.Build.0 = Release|Any CPU
		{F65681EF-1D9C-440C-8043-0E49045CC093}.Debug|Any CPU.ActiveCfg = Debug|Any CPU
		{F65681EF-1D9C-440C-8043-0E49045CC093}.Debug|Any CPU.Build.0 = Debug|Any CPU
		{F65681EF-1D9C-440C-8043-0E49045CC093}.Release|Any CPU.ActiveCfg = Release|Any CPU
		{F65681EF-1D9C-440C-8043-0E49045CC093}.Release|Any CPU.Build.0 = Release|Any CPU
		{B48B3E38-7D8E-453B-AAA0-0381BC4351F6}.Debug|Any CPU.ActiveCfg = Debug|Any CPU
		{B48B3E38-7D8E-453B-AAA0-0381BC4351F6}.Debug|Any CPU.Build.0 = Debug|Any CPU
		{B48B3E38-7D8E-453B-AAA0-0381BC4351F6}.Release|Any CPU.ActiveCfg = Release|Any CPU
		{B48B3E38-7D8E-453B-AAA0-0381BC4351F6}.Release|Any CPU.Build.0 = Release|Any CPU
		{BD1FBD2B-0B0A-422C-A5F0-729C2180F6C4}.Debug|Any CPU.ActiveCfg = Debug|Any CPU
		{BD1FBD2B-0B0A-422C-A5F0-729C2180F6C4}.Debug|Any CPU.Build.0 = Debug|Any CPU
		{BD1FBD2B-0B0A-422C-A5F0-729C2180F6C4}.Release|Any CPU.ActiveCfg = Release|Any CPU
		{BD1FBD2B-0B0A-422C-A5F0-729C2180F6C4}.Release|Any CPU.Build.0 = Release|Any CPU
		{1AC54A1C-3F58-48DA-8728-C03854476778}.Debug|Any CPU.ActiveCfg = Debug|Any CPU
		{1AC54A1C-3F58-48DA-8728-C03854476778}.Debug|Any CPU.Build.0 = Debug|Any CPU
		{1AC54A1C-3F58-48DA-8728-C03854476778}.Release|Any CPU.ActiveCfg = Release|Any CPU
		{1AC54A1C-3F58-48DA-8728-C03854476778}.Release|Any CPU.Build.0 = Release|Any CPU
		{2B68A01F-F9E6-46AF-ABC0-4DDD6CC3FDA7}.Debug|Any CPU.ActiveCfg = Debug|Any CPU
		{2B68A01F-F9E6-46AF-ABC0-4DDD6CC3FDA7}.Debug|Any CPU.Build.0 = Debug|Any CPU
		{2B68A01F-F9E6-46AF-ABC0-4DDD6CC3FDA7}.Release|Any CPU.ActiveCfg = Release|Any CPU
		{2B68A01F-F9E6-46AF-ABC0-4DDD6CC3FDA7}.Release|Any CPU.Build.0 = Release|Any CPU
		{06BAF06A-2BBC-4E27-92EF-A93B44757921}.Debug|Any CPU.ActiveCfg = Debug|Any CPU
		{06BAF06A-2BBC-4E27-92EF-A93B44757921}.Debug|Any CPU.Build.0 = Debug|Any CPU
		{06BAF06A-2BBC-4E27-92EF-A93B44757921}.Release|Any CPU.ActiveCfg = Release|Any CPU
		{06BAF06A-2BBC-4E27-92EF-A93B44757921}.Release|Any CPU.Build.0 = Release|Any CPU
		{A3F3C5E6-C433-4617-A419-5E6D505976A0}.Debug|Any CPU.ActiveCfg = Debug|Any CPU
		{A3F3C5E6-C433-4617-A419-5E6D505976A0}.Debug|Any CPU.Build.0 = Debug|Any CPU
		{A3F3C5E6-C433-4617-A419-5E6D505976A0}.Release|Any CPU.ActiveCfg = Release|Any CPU
		{A3F3C5E6-C433-4617-A419-5E6D505976A0}.Release|Any CPU.Build.0 = Release|Any CPU
		{9504921F-70AC-47EE-8ACC-6D690411920D}.Debug|Any CPU.ActiveCfg = Debug|Any CPU
		{9504921F-70AC-47EE-8ACC-6D690411920D}.Debug|Any CPU.Build.0 = Debug|Any CPU
		{9504921F-70AC-47EE-8ACC-6D690411920D}.Release|Any CPU.ActiveCfg = Release|Any CPU
		{9504921F-70AC-47EE-8ACC-6D690411920D}.Release|Any CPU.Build.0 = Release|Any CPU
		{07899516-1C58-4CCF-9B14-DAE28CD95228}.Debug|Any CPU.ActiveCfg = Debug|Any CPU
		{07899516-1C58-4CCF-9B14-DAE28CD95228}.Debug|Any CPU.Build.0 = Debug|Any CPU
		{07899516-1C58-4CCF-9B14-DAE28CD95228}.Release|Any CPU.ActiveCfg = Release|Any CPU
		{07899516-1C58-4CCF-9B14-DAE28CD95228}.Release|Any CPU.Build.0 = Release|Any CPU
		{6BF964D9-6037-4FEC-9691-C293CABAC4E9}.Debug|Any CPU.ActiveCfg = Debug|Any CPU
		{6BF964D9-6037-4FEC-9691-C293CABAC4E9}.Debug|Any CPU.Build.0 = Debug|Any CPU
		{6BF964D9-6037-4FEC-9691-C293CABAC4E9}.Release|Any CPU.ActiveCfg = Release|Any CPU
		{6BF964D9-6037-4FEC-9691-C293CABAC4E9}.Release|Any CPU.Build.0 = Release|Any CPU
		{8FD715CB-A6B8-4A51-8598-9DEAD5841F44}.Debug|Any CPU.ActiveCfg = Debug|Any CPU
		{8FD715CB-A6B8-4A51-8598-9DEAD5841F44}.Debug|Any CPU.Build.0 = Debug|Any CPU
		{8FD715CB-A6B8-4A51-8598-9DEAD5841F44}.Release|Any CPU.ActiveCfg = Release|Any CPU
		{8FD715CB-A6B8-4A51-8598-9DEAD5841F44}.Release|Any CPU.Build.0 = Release|Any CPU
		{E7EF44A6-6EAF-42CE-B29F-392F5361740C}.Debug|Any CPU.ActiveCfg = Debug|Any CPU
		{E7EF44A6-6EAF-42CE-B29F-392F5361740C}.Debug|Any CPU.Build.0 = Debug|Any CPU
		{E7EF44A6-6EAF-42CE-B29F-392F5361740C}.Release|Any CPU.ActiveCfg = Release|Any CPU
		{E7EF44A6-6EAF-42CE-B29F-392F5361740C}.Release|Any CPU.Build.0 = Release|Any CPU
		{C1C50D2D-40C6-47E6-9C50-DF47BC7C1816}.Debug|Any CPU.ActiveCfg = Debug|Any CPU
		{C1C50D2D-40C6-47E6-9C50-DF47BC7C1816}.Debug|Any CPU.Build.0 = Debug|Any CPU
		{C1C50D2D-40C6-47E6-9C50-DF47BC7C1816}.Release|Any CPU.ActiveCfg = Release|Any CPU
		{C1C50D2D-40C6-47E6-9C50-DF47BC7C1816}.Release|Any CPU.Build.0 = Release|Any CPU
		{1C828C7B-CA64-49E5-BEC8-213A50B66104}.Debug|Any CPU.ActiveCfg = Debug|Any CPU
		{1C828C7B-CA64-49E5-BEC8-213A50B66104}.Debug|Any CPU.Build.0 = Debug|Any CPU
		{1C828C7B-CA64-49E5-BEC8-213A50B66104}.Release|Any CPU.ActiveCfg = Release|Any CPU
		{1C828C7B-CA64-49E5-BEC8-213A50B66104}.Release|Any CPU.Build.0 = Release|Any CPU
		{05A80C39-0676-4A80-8F5D-A17C7F87CC91}.Debug|Any CPU.ActiveCfg = Debug|Any CPU
		{05A80C39-0676-4A80-8F5D-A17C7F87CC91}.Debug|Any CPU.Build.0 = Debug|Any CPU
		{05A80C39-0676-4A80-8F5D-A17C7F87CC91}.Debug|Any CPU.Deploy.0 = Debug|Any CPU
		{05A80C39-0676-4A80-8F5D-A17C7F87CC91}.Release|Any CPU.ActiveCfg = Release|Any CPU
		{05A80C39-0676-4A80-8F5D-A17C7F87CC91}.Release|Any CPU.Build.0 = Release|Any CPU
		{05A80C39-0676-4A80-8F5D-A17C7F87CC91}.Release|Any CPU.Deploy.0 = Release|Any CPU
		{628DED68-0AD7-4EB1-990D-DA6E57512351}.Debug|Any CPU.ActiveCfg = Debug|Any CPU
		{628DED68-0AD7-4EB1-990D-DA6E57512351}.Debug|Any CPU.Build.0 = Debug|Any CPU
		{628DED68-0AD7-4EB1-990D-DA6E57512351}.Release|Any CPU.ActiveCfg = Release|Any CPU
		{628DED68-0AD7-4EB1-990D-DA6E57512351}.Release|Any CPU.Build.0 = Release|Any CPU
		{493F375A-FA14-492D-BEBD-2BCF4473CB1E}.Debug|Any CPU.ActiveCfg = Debug|Any CPU
		{493F375A-FA14-492D-BEBD-2BCF4473CB1E}.Debug|Any CPU.Build.0 = Debug|Any CPU
		{493F375A-FA14-492D-BEBD-2BCF4473CB1E}.Release|Any CPU.ActiveCfg = Release|Any CPU
		{493F375A-FA14-492D-BEBD-2BCF4473CB1E}.Release|Any CPU.Build.0 = Release|Any CPU
		{9E371415-E7DC-485D-87CB-CE366C1ECF10}.Debug|Any CPU.ActiveCfg = Debug|Any CPU
		{9E371415-E7DC-485D-87CB-CE366C1ECF10}.Debug|Any CPU.Build.0 = Debug|Any CPU
		{9E371415-E7DC-485D-87CB-CE366C1ECF10}.Release|Any CPU.ActiveCfg = Release|Any CPU
		{9E371415-E7DC-485D-87CB-CE366C1ECF10}.Release|Any CPU.Build.0 = Release|Any CPU
	EndGlobalSection
	GlobalSection(SolutionProperties) = preSolution
		HideSolutionNode = FALSE
	EndGlobalSection
	GlobalSection(NestedProjects) = preSolution
		{5221D2DB-19EA-4F50-A3CE-9B10EA34CCC0} = {9C280A5B-8833-4296-B65A-B72506852836}
		{E18A4413-30AA-446C-80EA-6DABC378C264} = {E474E219-286C-44B2-8E8A-5CA4B7E666E8}
		{BE472452-75A7-4689-8109-58775CDF53E8} = {E474E219-286C-44B2-8E8A-5CA4B7E666E8}
		{79583F9A-692C-4AC1-8967-F397F8DA9A67} = {4F055266-E82D-4CAC-BA2D-2131320F7A37}
		{2FA49897-ADB7-491D-9BA9-A225A36A194B} = {4F055266-E82D-4CAC-BA2D-2131320F7A37}
		{19052E8E-89DF-4856-A28B-49E2456C301F} = {9C280A5B-8833-4296-B65A-B72506852836}
		{5AB7CF35-DAF1-416D-AE7E-F68FE4BDBF76} = {9C280A5B-8833-4296-B65A-B72506852836}
		{F65681EF-1D9C-440C-8043-0E49045CC093} = {08791FE8-D892-47FF-BDFC-B41A35B2BDBE}
		{B48B3E38-7D8E-453B-AAA0-0381BC4351F6} = {808A31A1-B00F-4AA0-9D94-A16FEF6DC3FC}
		{BD1FBD2B-0B0A-422C-A5F0-729C2180F6C4} = {808A31A1-B00F-4AA0-9D94-A16FEF6DC3FC}
		{1AC54A1C-3F58-48DA-8728-C03854476778} = {808A31A1-B00F-4AA0-9D94-A16FEF6DC3FC}
		{2B68A01F-F9E6-46AF-ABC0-4DDD6CC3FDA7} = {FAFE93FE-0018-4BA8-8E89-E2AD4BA654A8}
		{06BAF06A-2BBC-4E27-92EF-A93B44757921} = {518E0D30-F923-443E-860D-CD4D8AA979D9}
		{A3F3C5E6-C433-4617-A419-5E6D505976A0} = {518E0D30-F923-443E-860D-CD4D8AA979D9}
		{9504921F-70AC-47EE-8ACC-6D690411920D} = {C3827857-61E4-4347-AFA1-1316E9C53F8E}
		{07899516-1C58-4CCF-9B14-DAE28CD95228} = {B6DC00C9-C624-4F52-93E1-9C9FE83E2C04}
		{6BF964D9-6037-4FEC-9691-C293CABAC4E9} = {8254C064-B79E-4D05-B9A8-75D83974738A}
		{8FD715CB-A6B8-4A51-8598-9DEAD5841F44} = {8254C064-B79E-4D05-B9A8-75D83974738A}
		{E7EF44A6-6EAF-42CE-B29F-392F5361740C} = {9647936B-1DEC-4AD1-A8E5-F2C882C42E7C}
		{C1C50D2D-40C6-47E6-9C50-DF47BC7C1816} = {7A5DD9DA-424F-409E-9506-01A72BAD13CC}
		{1C828C7B-CA64-49E5-BEC8-213A50B66104} = {B1074AAB-0978-4DF9-90D2-164DE8BAB4D8}
		{05A80C39-0676-4A80-8F5D-A17C7F87CC91} = {DBB62587-E228-4A3E-ABCD-8FC93E4DF31D}
		{628DED68-0AD7-4EB1-990D-DA6E57512351} = {7E671353-A15A-46C8-9880-9FFC253357D8}
		{493F375A-FA14-492D-BEBD-2BCF4473CB1E} = {7E671353-A15A-46C8-9880-9FFC253357D8}
		{9E371415-E7DC-485D-87CB-CE366C1ECF10} = {7E671353-A15A-46C8-9880-9FFC253357D8}
	EndGlobalSection
	GlobalSection(ExtensibilityGlobals) = postSolution
		SolutionGuid = {245FE70E-CC14-4F4B-9BBB-53CC616C68E4}
	EndGlobalSection
EndGlobal
