
Microsoft Visual Studio Solution File, Format Version 12.00
# Visual Studio Version 16
VisualStudioVersion = 16.0.31321.278
MinimumVisualStudioVersion = 10.0.40219.1
Project("{FAE04EC0-301F-11D3-BF4B-00C04F79EFBC}") = "BlockChainSample01", "BlockChainSample01\BlockChainSample01.csproj", "{A68307BE-BB96-4C43-8336-1EFE33BF57DB}"
EndProject
Global
	GlobalSection(SolutionConfigurationPlatforms) = preSolution
		Debug|Any CPU = Debug|Any CPU
		Release|Any CPU = Release|Any CPU
	EndGlobalSection
	GlobalSection(ProjectConfigurationPlatforms) = postSolution
		{A68307BE-BB96-4C43-8336-1EFE33BF57DB}.Debug|Any CPU.ActiveCfg = Debug|Any CPU
		{A68307BE-BB96-4C43-8336-1EFE33BF57DB}.Debug|Any CPU.Build.0 = Debug|Any CPU
		{A68307BE-BB96-4C43-8336-1EFE33BF57DB}.Release|Any CPU.ActiveCfg = Release|Any CPU
		{A68307BE-BB96-4C43-8336-1EFE33BF57DB}.Release|Any CPU.Build.0 = Release|Any CPU
	EndGlobalSection
	GlobalSection(SolutionProperties) = preSolution
		HideSolutionNode = FALSE
	EndGlobalSection
	GlobalSection(ExtensibilityGlobals) = postSolution
		SolutionGuid = {98C46E61-EBBC-4143-8D93-E44E2891EBAC}
	EndGlobalSection
EndGlobal
