
Microsoft Visual Studio Solution File, Format Version 12.00
# Visual Studio Version 16
VisualStudioVersion = 16.0.31321.278
MinimumVisualStudioVersion = 10.0.40219.1
Project("{FAE04EC0-301F-11D3-BF4B-00C04F79EFBC}") = "MD5Encryption", "MD5Encryption\MD5Encryption.csproj", "{23FDD9E5-B471-4706-B122-81725C51F684}"
EndProject
Global
	GlobalSection(SolutionConfigurationPlatforms) = preSolution
		Debug|Any CPU = Debug|Any CPU
		Release|Any CPU = Release|Any CPU
	EndGlobalSection
	GlobalSection(ProjectConfigurationPlatforms) = postSolution
		{23FDD9E5-B471-4706-B122-81725C51F684}.Debug|Any CPU.ActiveCfg = Debug|Any CPU
		{23FDD9E5-B471-4706-B122-81725C51F684}.Debug|Any CPU.Build.0 = Debug|Any CPU
		{23FDD9E5-B471-4706-B122-81725C51F684}.Release|Any CPU.ActiveCfg = Release|Any CPU
		{23FDD9E5-B471-4706-B122-81725C51F684}.Release|Any CPU.Build.0 = Release|Any CPU
	EndGlobalSection
	GlobalSection(SolutionProperties) = preSolution
		HideSolutionNode = FALSE
	EndGlobalSection
	GlobalSection(ExtensibilityGlobals) = postSolution
		SolutionGuid = {1C748ECD-6543-4F4A-88E0-B7AA2628312E}
	EndGlobalSection
EndGlobal
